// !$*UTF8*$!
{
	archiveVersion = 1;
	classes = {
	};
	objectVersion = 51;
	objects = {

/* Begin PBXBuildFile section */
		0924C1129AF790DA3A0BE5EB /* Pods_SakoutcherMqttTesterTests.framework in Frameworks */ = {isa = PBXBuildFile; fileRef = 1148E4466B25AFE6F85C58D5 /* Pods_SakoutcherMqttTesterTests.framework */; };
		1C8FD878268B5D29006571CF /* AppDelegate.swift in Sources */ = {isa = PBXBuildFile; fileRef = 1C8FD877268B5D29006571CF /* AppDelegate.swift */; };
		1C8FD881268B5D2A006571CF /* Assets.xcassets in Resources */ = {isa = PBXBuildFile; fileRef = 1C8FD880268B5D2A006571CF /* Assets.xcassets */; };
		1C8FD884268B5D2A006571CF /* LaunchScreen.storyboard in Resources */ = {isa = PBXBuildFile; fileRef = 1C8FD882268B5D2A006571CF /* LaunchScreen.storyboard */; };
		1C8FD88F268B5D2A006571CF /* SakoutcherMqttTesterTests.swift in Sources */ = {isa = PBXBuildFile; fileRef = 1C8FD88E268B5D2A006571CF /* SakoutcherMqttTesterTests.swift */; };
		1C8FD89A268B5D2A006571CF /* SakoutcherMqttTesterUITests.swift in Sources */ = {isa = PBXBuildFile; fileRef = 1C8FD899268B5D2A006571CF /* SakoutcherMqttTesterUITests.swift */; };
		1C8FD8A9268B5D6F006571CF /* HomeViewController.swift in Sources */ = {isa = PBXBuildFile; fileRef = 1C8FD8A7268B5D6F006571CF /* HomeViewController.swift */; };
		1C8FD8AA268B5D6F006571CF /* HomeViewController.xib in Resources */ = {isa = PBXBuildFile; fileRef = 1C8FD8A8268B5D6F006571CF /* HomeViewController.xib */; };
		1C8FD8B0268B6276006571CF /* GetPayloadViewController.swift in Sources */ = {isa = PBXBuildFile; fileRef = 1C8FD8AE268B6276006571CF /* GetPayloadViewController.swift */; };
		1C8FD8B1268B6276006571CF /* GetPayloadViewController.xib in Resources */ = {isa = PBXBuildFile; fileRef = 1C8FD8AF268B6276006571CF /* GetPayloadViewController.xib */; };
		1C8FD8B5268B629C006571CF /* GetSonarsViewController.swift in Sources */ = {isa = PBXBuildFile; fileRef = 1C8FD8B3268B629C006571CF /* GetSonarsViewController.swift */; };
		1C8FD8B6268B629C006571CF /* GetSonarsViewController.xib in Resources */ = {isa = PBXBuildFile; fileRef = 1C8FD8B4268B629C006571CF /* GetSonarsViewController.xib */; };
		1C8FD8B9268B62B2006571CF /* PublishTopicViewController.swift in Sources */ = {isa = PBXBuildFile; fileRef = 1C8FD8B7268B62B2006571CF /* PublishTopicViewController.swift */; };
		1C8FD8BA268B62B2006571CF /* PublishTopicViewController.xib in Resources */ = {isa = PBXBuildFile; fileRef = 1C8FD8B8268B62B2006571CF /* PublishTopicViewController.xib */; };
		1C8FD8BC268B657A006571CF /* MqttRequester.swift in Sources */ = {isa = PBXBuildFile; fileRef = 1C8FD8BB268B657A006571CF /* MqttRequester.swift */; };
		715FBDF72F7F629B651ABFD0 /* Pods_SakoutcherMqttTester.framework in Frameworks */ = {isa = PBXBuildFile; fileRef = BB5CB825A9C3C42C3424B5E8 /* Pods_SakoutcherMqttTester.framework */; };
		B96A738FC76EB11696BDED8B /* Pods_SakoutcherMqttTester_SakoutcherMqttTesterUITests.framework in Frameworks */ = {isa = PBXBuildFile; fileRef = 04FCCA55CFA2268A9821D67C /* Pods_SakoutcherMqttTester_SakoutcherMqttTesterUITests.framework */; };
/* End PBXBuildFile section */

/* Begin PBXContainerItemProxy section */
		1C8FD88B268B5D2A006571CF /* PBXContainerItemProxy */ = {
			isa = PBXContainerItemProxy;
			containerPortal = 1C8FD86C268B5D29006571CF /* Project object */;
			proxyType = 1;
			remoteGlobalIDString = 1C8FD873268B5D29006571CF;
			remoteInfo = SakoutcherMqttTester;
		};
		1C8FD896268B5D2A006571CF /* PBXContainerItemProxy */ = {
			isa = PBXContainerItemProxy;
			containerPortal = 1C8FD86C268B5D29006571CF /* Project object */;
			proxyType = 1;
			remoteGlobalIDString = 1C8FD873268B5D29006571CF;
			remoteInfo = SakoutcherMqttTester;
		};
/* End PBXContainerItemProxy section */

/* Begin PBXFileReference section */
		04FCCA55CFA2268A9821D67C /* Pods_SakoutcherMqttTester_SakoutcherMqttTesterUITests.framework */ = {isa = PBXFileReference; explicitFileType = wrapper.framework; includeInIndex = 0; path = Pods_SakoutcherMqttTester_SakoutcherMqttTesterUITests.framework; sourceTree = BUILT_PRODUCTS_DIR; };
		0EA52C4390BDB761A6F55D5B /* Pods-SakoutcherMqttTester-SakoutcherMqttTesterUITests.debug.xcconfig */ = {isa = PBXFileReference; includeInIndex = 1; lastKnownFileType = text.xcconfig; name = "Pods-SakoutcherMqttTester-SakoutcherMqttTesterUITests.debug.xcconfig"; path = "Target Support Files/Pods-SakoutcherMqttTester-SakoutcherMqttTesterUITests/Pods-SakoutcherMqttTester-SakoutcherMqttTesterUITests.debug.xcconfig"; sourceTree = "<group>"; };
		1148E4466B25AFE6F85C58D5 /* Pods_SakoutcherMqttTesterTests.framework */ = {isa = PBXFileReference; explicitFileType = wrapper.framework; includeInIndex = 0; path = Pods_SakoutcherMqttTesterTests.framework; sourceTree = BUILT_PRODUCTS_DIR; };
		1C8FD874268B5D29006571CF /* SakoutcherMqttTester.app */ = {isa = PBXFileReference; explicitFileType = wrapper.application; includeInIndex = 0; path = SakoutcherMqttTester.app; sourceTree = BUILT_PRODUCTS_DIR; };
		1C8FD877268B5D29006571CF /* AppDelegate.swift */ = {isa = PBXFileReference; lastKnownFileType = sourcecode.swift; path = AppDelegate.swift; sourceTree = "<group>"; };
		1C8FD880268B5D2A006571CF /* Assets.xcassets */ = {isa = PBXFileReference; lastKnownFileType = folder.assetcatalog; path = Assets.xcassets; sourceTree = "<group>"; };
		1C8FD883268B5D2A006571CF /* Base */ = {isa = PBXFileReference; lastKnownFileType = file.storyboard; name = Base; path = Base.lproj/LaunchScreen.storyboard; sourceTree = "<group>"; };
		1C8FD885268B5D2A006571CF /* Info.plist */ = {isa = PBXFileReference; lastKnownFileType = text.plist.xml; path = Info.plist; sourceTree = "<group>"; };
		1C8FD88A268B5D2A006571CF /* SakoutcherMqttTesterTests.xctest */ = {isa = PBXFileReference; explicitFileType = wrapper.cfbundle; includeInIndex = 0; path = SakoutcherMqttTesterTests.xctest; sourceTree = BUILT_PRODUCTS_DIR; };
		1C8FD88E268B5D2A006571CF /* SakoutcherMqttTesterTests.swift */ = {isa = PBXFileReference; lastKnownFileType = sourcecode.swift; path = SakoutcherMqttTesterTests.swift; sourceTree = "<group>"; };
		1C8FD890268B5D2A006571CF /* Info.plist */ = {isa = PBXFileReference; lastKnownFileType = text.plist.xml; path = Info.plist; sourceTree = "<group>"; };
		1C8FD895268B5D2A006571CF /* SakoutcherMqttTesterUITests.xctest */ = {isa = PBXFileReference; explicitFileType = wrapper.cfbundle; includeInIndex = 0; path = SakoutcherMqttTesterUITests.xctest; sourceTree = BUILT_PRODUCTS_DIR; };
		1C8FD899268B5D2A006571CF /* SakoutcherMqttTesterUITests.swift */ = {isa = PBXFileReference; lastKnownFileType = sourcecode.swift; path = SakoutcherMqttTesterUITests.swift; sourceTree = "<group>"; };
		1C8FD89B268B5D2A006571CF /* Info.plist */ = {isa = PBXFileReference; lastKnownFileType = text.plist.xml; path = Info.plist; sourceTree = "<group>"; };
		1C8FD8A7268B5D6F006571CF /* HomeViewController.swift */ = {isa = PBXFileReference; lastKnownFileType = sourcecode.swift; path = HomeViewController.swift; sourceTree = "<group>"; };
		1C8FD8A8268B5D6F006571CF /* HomeViewController.xib */ = {isa = PBXFileReference; lastKnownFileType = file.xib; path = HomeViewController.xib; sourceTree = "<group>"; };
		1C8FD8AE268B6276006571CF /* GetPayloadViewController.swift */ = {isa = PBXFileReference; lastKnownFileType = sourcecode.swift; path = GetPayloadViewController.swift; sourceTree = "<group>"; };
		1C8FD8AF268B6276006571CF /* GetPayloadViewController.xib */ = {isa = PBXFileReference; lastKnownFileType = file.xib; path = GetPayloadViewController.xib; sourceTree = "<group>"; };
		1C8FD8B3268B629C006571CF /* GetSonarsViewController.swift */ = {isa = PBXFileReference; lastKnownFileType = sourcecode.swift; path = GetSonarsViewController.swift; sourceTree = "<group>"; };
		1C8FD8B4268B629C006571CF /* GetSonarsViewController.xib */ = {isa = PBXFileReference; lastKnownFileType = file.xib; path = GetSonarsViewController.xib; sourceTree = "<group>"; };
		1C8FD8B7268B62B2006571CF /* PublishTopicViewController.swift */ = {isa = PBXFileReference; lastKnownFileType = sourcecode.swift; path = PublishTopicViewController.swift; sourceTree = "<group>"; };
		1C8FD8B8268B62B2006571CF /* PublishTopicViewController.xib */ = {isa = PBXFileReference; lastKnownFileType = file.xib; path = PublishTopicViewController.xib; sourceTree = "<group>"; };
		1C8FD8BB268B657A006571CF /* MqttRequester.swift */ = {isa = PBXFileReference; lastKnownFileType = sourcecode.swift; path = MqttRequester.swift; sourceTree = "<group>"; };
		26D5F343DBBDC33284A29F40 /* Pods-SakoutcherMqttTester.release.xcconfig */ = {isa = PBXFileReference; includeInIndex = 1; lastKnownFileType = text.xcconfig; name = "Pods-SakoutcherMqttTester.release.xcconfig"; path = "Target Support Files/Pods-SakoutcherMqttTester/Pods-SakoutcherMqttTester.release.xcconfig"; sourceTree = "<group>"; };
		4F42867FBECCFA80B0B5502A /* Pods-SakoutcherMqttTesterTests.release.xcconfig */ = {isa = PBXFileReference; includeInIndex = 1; lastKnownFileType = text.xcconfig; name = "Pods-SakoutcherMqttTesterTests.release.xcconfig"; path = "Target Support Files/Pods-SakoutcherMqttTesterTests/Pods-SakoutcherMqttTesterTests.release.xcconfig"; sourceTree = "<group>"; };
		5C71F6D02B1772E38FCD8E76 /* Pods-SakoutcherMqttTester-SakoutcherMqttTesterUITests.release.xcconfig */ = {isa = PBXFileReference; includeInIndex = 1; lastKnownFileType = text.xcconfig; name = "Pods-SakoutcherMqttTester-SakoutcherMqttTesterUITests.release.xcconfig"; path = "Target Support Files/Pods-SakoutcherMqttTester-SakoutcherMqttTesterUITests/Pods-SakoutcherMqttTester-SakoutcherMqttTesterUITests.release.xcconfig"; sourceTree = "<group>"; };
		AB715D8A61BC67D217C0BAE8 /* Pods-SakoutcherMqttTesterTests.debug.xcconfig */ = {isa = PBXFileReference; includeInIndex = 1; lastKnownFileType = text.xcconfig; name = "Pods-SakoutcherMqttTesterTests.debug.xcconfig"; path = "Target Support Files/Pods-SakoutcherMqttTesterTests/Pods-SakoutcherMqttTesterTests.debug.xcconfig"; sourceTree = "<group>"; };
		BB5CB825A9C3C42C3424B5E8 /* Pods_SakoutcherMqttTester.framework */ = {isa = PBXFileReference; explicitFileType = wrapper.framework; includeInIndex = 0; path = Pods_SakoutcherMqttTester.framework; sourceTree = BUILT_PRODUCTS_DIR; };
		C216686A6DB7B20F1D341F89 /* Pods-SakoutcherMqttTester.debug.xcconfig */ = {isa = PBXFileReference; includeInIndex = 1; lastKnownFileType = text.xcconfig; name = "Pods-SakoutcherMqttTester.debug.xcconfig"; path = "Target Support Files/Pods-SakoutcherMqttTester/Pods-SakoutcherMqttTester.debug.xcconfig"; sourceTree = "<group>"; };
/* End PBXFileReference section */

/* Begin PBXFrameworksBuildPhase section */
		1C8FD871268B5D29006571CF /* Frameworks */ = {
			isa = PBXFrameworksBuildPhase;
			buildActionMask = 2147483647;
			files = (
				715FBDF72F7F629B651ABFD0 /* Pods_SakoutcherMqttTester.framework in Frameworks */,
			);
			runOnlyForDeploymentPostprocessing = 0;
		};
		1C8FD887268B5D2A006571CF /* Frameworks */ = {
			isa = PBXFrameworksBuildPhase;
			buildActionMask = 2147483647;
			files = (
				0924C1129AF790DA3A0BE5EB /* Pods_SakoutcherMqttTesterTests.framework in Frameworks */,
			);
			runOnlyForDeploymentPostprocessing = 0;
		};
		1C8FD892268B5D2A006571CF /* Frameworks */ = {
			isa = PBXFrameworksBuildPhase;
			buildActionMask = 2147483647;
			files = (
				B96A738FC76EB11696BDED8B /* Pods_SakoutcherMqttTester_SakoutcherMqttTesterUITests.framework in Frameworks */,
			);
			runOnlyForDeploymentPostprocessing = 0;
		};
/* End PBXFrameworksBuildPhase section */

/* Begin PBXGroup section */
		1C8FD86B268B5D29006571CF = {
			isa = PBXGroup;
			children = (
				1C8FD876268B5D29006571CF /* SakoutcherMqttTester */,
				1C8FD88D268B5D2A006571CF /* SakoutcherMqttTesterTests */,
				1C8FD898268B5D2A006571CF /* SakoutcherMqttTesterUITests */,
				1C8FD875268B5D29006571CF /* Products */,
				E5BAAFE782D162DFF1F42CF8 /* Pods */,
				7358FB4AB053AB7959CB8E75 /* Frameworks */,
			);
			sourceTree = "<group>";
		};
		1C8FD875268B5D29006571CF /* Products */ = {
			isa = PBXGroup;
			children = (
				1C8FD874268B5D29006571CF /* SakoutcherMqttTester.app */,
				1C8FD88A268B5D2A006571CF /* SakoutcherMqttTesterTests.xctest */,
				1C8FD895268B5D2A006571CF /* SakoutcherMqttTesterUITests.xctest */,
			);
			name = Products;
			sourceTree = "<group>";
		};
		1C8FD876268B5D29006571CF /* SakoutcherMqttTester */ = {
			isa = PBXGroup;
			children = (
				1C8FD8AD268B6238006571CF /* Network */,
				1C8FD8AC268B610C006571CF /* ViewController */,
				1C8FD8AB268B6106006571CF /* View */,
				1C8FD877268B5D29006571CF /* AppDelegate.swift */,
				1C8FD880268B5D2A006571CF /* Assets.xcassets */,
				1C8FD882268B5D2A006571CF /* LaunchScreen.storyboard */,
				1C8FD885268B5D2A006571CF /* Info.plist */,
			);
			path = SakoutcherMqttTester;
			sourceTree = "<group>";
		};
		1C8FD88D268B5D2A006571CF /* SakoutcherMqttTesterTests */ = {
			isa = PBXGroup;
			children = (
				1C8FD88E268B5D2A006571CF /* SakoutcherMqttTesterTests.swift */,
				1C8FD890268B5D2A006571CF /* Info.plist */,
			);
			path = SakoutcherMqttTesterTests;
			sourceTree = "<group>";
		};
		1C8FD898268B5D2A006571CF /* SakoutcherMqttTesterUITests */ = {
			isa = PBXGroup;
			children = (
				1C8FD899268B5D2A006571CF /* SakoutcherMqttTesterUITests.swift */,
				1C8FD89B268B5D2A006571CF /* Info.plist */,
			);
			path = SakoutcherMqttTesterUITests;
			sourceTree = "<group>";
		};
		1C8FD8AB268B6106006571CF /* View */ = {
			isa = PBXGroup;
			children = (
				1C8FD8A8268B5D6F006571CF /* HomeViewController.xib */,
				1C8FD8AF268B6276006571CF /* GetPayloadViewController.xib */,
				1C8FD8B4268B629C006571CF /* GetSonarsViewController.xib */,
				1C8FD8B8268B62B2006571CF /* PublishTopicViewController.xib */,
			);
			path = View;
			sourceTree = "<group>";
		};
		1C8FD8AC268B610C006571CF /* ViewController */ = {
			isa = PBXGroup;
			children = (
				1C8FD8A7268B5D6F006571CF /* HomeViewController.swift */,
				1C8FD8AE268B6276006571CF /* GetPayloadViewController.swift */,
				1C8FD8B3268B629C006571CF /* GetSonarsViewController.swift */,
				1C8FD8B7268B62B2006571CF /* PublishTopicViewController.swift */,
			);
			path = ViewController;
			sourceTree = "<group>";
		};
		1C8FD8AD268B6238006571CF /* Network */ = {
			isa = PBXGroup;
			children = (
				1C8FD8BB268B657A006571CF /* MqttRequester.swift */,
			);
			path = Network;
			sourceTree = "<group>";
		};
		7358FB4AB053AB7959CB8E75 /* Frameworks */ = {
			isa = PBXGroup;
			children = (
				BB5CB825A9C3C42C3424B5E8 /* Pods_SakoutcherMqttTester.framework */,
				04FCCA55CFA2268A9821D67C /* Pods_SakoutcherMqttTester_SakoutcherMqttTesterUITests.framework */,
				1148E4466B25AFE6F85C58D5 /* Pods_SakoutcherMqttTesterTests.framework */,
			);
			name = Frameworks;
			sourceTree = "<group>";
		};
		E5BAAFE782D162DFF1F42CF8 /* Pods */ = {
			isa = PBXGroup;
			children = (
				C216686A6DB7B20F1D341F89 /* Pods-SakoutcherMqttTester.debug.xcconfig */,
				26D5F343DBBDC33284A29F40 /* Pods-SakoutcherMqttTester.release.xcconfig */,
				0EA52C4390BDB761A6F55D5B /* Pods-SakoutcherMqttTester-SakoutcherMqttTesterUITests.debug.xcconfig */,
				5C71F6D02B1772E38FCD8E76 /* Pods-SakoutcherMqttTester-SakoutcherMqttTesterUITests.release.xcconfig */,
				AB715D8A61BC67D217C0BAE8 /* Pods-SakoutcherMqttTesterTests.debug.xcconfig */,
				4F42867FBECCFA80B0B5502A /* Pods-SakoutcherMqttTesterTests.release.xcconfig */,
			);
			path = Pods;
			sourceTree = "<group>";
		};
/* End PBXGroup section */

/* Begin PBXNativeTarget section */
		1C8FD873268B5D29006571CF /* SakoutcherMqttTester */ = {
			isa = PBXNativeTarget;
			buildConfigurationList = 1C8FD89E268B5D2A006571CF /* Build configuration list for PBXNativeTarget "SakoutcherMqttTester" */;
			buildPhases = (
				CC5BE1988F85F71C9E9268B6 /* [CP] Check Pods Manifest.lock */,
				1C8FD870268B5D29006571CF /* Sources */,
				1C8FD871268B5D29006571CF /* Frameworks */,
				1C8FD872268B5D29006571CF /* Resources */,
				F61CFE0655679A92BF40C299 /* [CP] Embed Pods Frameworks */,
			);
			buildRules = (
			);
			dependencies = (
			);
			name = SakoutcherMqttTester;
			productName = SakoutcherMqttTester;
			productReference = 1C8FD874268B5D29006571CF /* SakoutcherMqttTester.app */;
			productType = "com.apple.product-type.application";
		};
		1C8FD889268B5D2A006571CF /* SakoutcherMqttTesterTests */ = {
			isa = PBXNativeTarget;
			buildConfigurationList = 1C8FD8A1268B5D2A006571CF /* Build configuration list for PBXNativeTarget "SakoutcherMqttTesterTests" */;
			buildPhases = (
				EFA91FE75505B4BFF1A5A035 /* [CP] Check Pods Manifest.lock */,
				1C8FD886268B5D2A006571CF /* Sources */,
				1C8FD887268B5D2A006571CF /* Frameworks */,
				1C8FD888268B5D2A006571CF /* Resources */,
			);
			buildRules = (
			);
			dependencies = (
				1C8FD88C268B5D2A006571CF /* PBXTargetDependency */,
			);
			name = SakoutcherMqttTesterTests;
			productName = SakoutcherMqttTesterTests;
			productReference = 1C8FD88A268B5D2A006571CF /* SakoutcherMqttTesterTests.xctest */;
			productType = "com.apple.product-type.bundle.unit-test";
		};
		1C8FD894268B5D2A006571CF /* SakoutcherMqttTesterUITests */ = {
			isa = PBXNativeTarget;
			buildConfigurationList = 1C8FD8A4268B5D2A006571CF /* Build configuration list for PBXNativeTarget "SakoutcherMqttTesterUITests" */;
			buildPhases = (
				90D3F5EFC3918183E775ED4B /* [CP] Check Pods Manifest.lock */,
				1C8FD891268B5D2A006571CF /* Sources */,
				1C8FD892268B5D2A006571CF /* Frameworks */,
				1C8FD893268B5D2A006571CF /* Resources */,
				C105F9A8F365992EDF99035F /* [CP] Embed Pods Frameworks */,
			);
			buildRules = (
			);
			dependencies = (
				1C8FD897268B5D2A006571CF /* PBXTargetDependency */,
			);
			name = SakoutcherMqttTesterUITests;
			productName = SakoutcherMqttTesterUITests;
			productReference = 1C8FD895268B5D2A006571CF /* SakoutcherMqttTesterUITests.xctest */;
			productType = "com.apple.product-type.bundle.ui-testing";
		};
/* End PBXNativeTarget section */

/* Begin PBXProject section */
		1C8FD86C268B5D29006571CF /* Project object */ = {
			isa = PBXProject;
			attributes = {
				LastSwiftUpdateCheck = 1250;
				LastUpgradeCheck = 1250;
				TargetAttributes = {
					1C8FD873268B5D29006571CF = {
						CreatedOnToolsVersion = 12.5.1;
					};
					1C8FD889268B5D2A006571CF = {
						CreatedOnToolsVersion = 12.5.1;
						TestTargetID = 1C8FD873268B5D29006571CF;
					};
					1C8FD894268B5D2A006571CF = {
						CreatedOnToolsVersion = 12.5.1;
						TestTargetID = 1C8FD873268B5D29006571CF;
					};
				};
			};
			buildConfigurationList = 1C8FD86F268B5D29006571CF /* Build configuration list for PBXProject "SakoutcherMqttTester" */;
			compatibilityVersion = "Xcode 9.3";
			developmentRegion = en;
			hasScannedForEncodings = 0;
			knownRegions = (
				en,
				Base,
			);
			mainGroup = 1C8FD86B268B5D29006571CF;
			productRefGroup = 1C8FD875268B5D29006571CF /* Products */;
			projectDirPath = "";
			projectRoot = "";
			targets = (
				1C8FD873268B5D29006571CF /* SakoutcherMqttTester */,
				1C8FD889268B5D2A006571CF /* SakoutcherMqttTesterTests */,
				1C8FD894268B5D2A006571CF /* SakoutcherMqttTesterUITests */,
			);
		};
/* End PBXProject section */

/* Begin PBXResourcesBuildPhase section */
		1C8FD872268B5D29006571CF /* Resources */ = {
			isa = PBXResourcesBuildPhase;
			buildActionMask = 2147483647;
			files = (
				1C8FD8BA268B62B2006571CF /* PublishTopicViewController.xib in Resources */,
				1C8FD884268B5D2A006571CF /* LaunchScreen.storyboard in Resources */,
				1C8FD881268B5D2A006571CF /* Assets.xcassets in Resources */,
				1C8FD8B1268B6276006571CF /* GetPayloadViewController.xib in Resources */,
				1C8FD8AA268B5D6F006571CF /* HomeViewController.xib in Resources */,
				1C8FD8B6268B629C006571CF /* GetSonarsViewController.xib in Resources */,
			);
			runOnlyForDeploymentPostprocessing = 0;
		};
		1C8FD888268B5D2A006571CF /* Resources */ = {
			isa = PBXResourcesBuildPhase;
			buildActionMask = 2147483647;
			files = (
			);
			runOnlyForDeploymentPostprocessing = 0;
		};
		1C8FD893268B5D2A006571CF /* Resources */ = {
			isa = PBXResourcesBuildPhase;
			buildActionMask = 2147483647;
			files = (
			);
			runOnlyForDeploymentPostprocessing = 0;
		};
/* End PBXResourcesBuildPhase section */

/* Begin PBXShellScriptBuildPhase section */
		90D3F5EFC3918183E775ED4B /* [CP] Check Pods Manifest.lock */ = {
			isa = PBXShellScriptBuildPhase;
			buildActionMask = 2147483647;
			files = (
			);
			inputFileListPaths = (
			);
			inputPaths = (
				"${PODS_PODFILE_DIR_PATH}/Podfile.lock",
				"${PODS_ROOT}/Manifest.lock",
			);
			name = "[CP] Check Pods Manifest.lock";
			outputFileListPaths = (
			);
			outputPaths = (
				"$(DERIVED_FILE_DIR)/Pods-SakoutcherMqttTester-SakoutcherMqttTesterUITests-checkManifestLockResult.txt",
			);
			runOnlyForDeploymentPostprocessing = 0;
			shellPath = /bin/sh;
			shellScript = "diff \"${PODS_PODFILE_DIR_PATH}/Podfile.lock\" \"${PODS_ROOT}/Manifest.lock\" > /dev/null\nif [ $? != 0 ] ; then\n    # print error to STDERR\n    echo \"error: The sandbox is not in sync with the Podfile.lock. Run 'pod install' or update your CocoaPods installation.\" >&2\n    exit 1\nfi\n# This output is used by Xcode 'outputs' to avoid re-running this script phase.\necho \"SUCCESS\" > \"${SCRIPT_OUTPUT_FILE_0}\"\n";
			showEnvVarsInLog = 0;
		};
		C105F9A8F365992EDF99035F /* [CP] Embed Pods Frameworks */ = {
			isa = PBXShellScriptBuildPhase;
			buildActionMask = 2147483647;
			files = (
			);
			inputFileListPaths = (
				"${PODS_ROOT}/Target Support Files/Pods-SakoutcherMqttTester-SakoutcherMqttTesterUITests/Pods-SakoutcherMqttTester-SakoutcherMqttTesterUITests-frameworks-${CONFIGURATION}-input-files.xcfilelist",
			);
			name = "[CP] Embed Pods Frameworks";
			outputFileListPaths = (
				"${PODS_ROOT}/Target Support Files/Pods-SakoutcherMqttTester-SakoutcherMqttTesterUITests/Pods-SakoutcherMqttTester-SakoutcherMqttTesterUITests-frameworks-${CONFIGURATION}-output-files.xcfilelist",
			);
			runOnlyForDeploymentPostprocessing = 0;
			shellPath = /bin/sh;
			shellScript = "\"${PODS_ROOT}/Target Support Files/Pods-SakoutcherMqttTester-SakoutcherMqttTesterUITests/Pods-SakoutcherMqttTester-SakoutcherMqttTesterUITests-frameworks.sh\"\n";
			showEnvVarsInLog = 0;
		};
		CC5BE1988F85F71C9E9268B6 /* [CP] Check Pods Manifest.lock */ = {
			isa = PBXShellScriptBuildPhase;
			buildActionMask = 2147483647;
			files = (
			);
			inputFileListPaths = (
			);
			inputPaths = (
				"${PODS_PODFILE_DIR_PATH}/Podfile.lock",
				"${PODS_ROOT}/Manifest.lock",
			);
			name = "[CP] Check Pods Manifest.lock";
			outputFileListPaths = (
			);
			outputPaths = (
				"$(DERIVED_FILE_DIR)/Pods-SakoutcherMqttTester-checkManifestLockResult.txt",
			);
			runOnlyForDeploymentPostprocessing = 0;
			shellPath = /bin/sh;
			shellScript = "diff \"${PODS_PODFILE_DIR_PATH}/Podfile.lock\" \"${PODS_ROOT}/Manifest.lock\" > /dev/null\nif [ $? != 0 ] ; then\n    # print error to STDERR\n    echo \"error: The sandbox is not in sync with the Podfile.lock. Run 'pod install' or update your CocoaPods installation.\" >&2\n    exit 1\nfi\n# This output is used by Xcode 'outputs' to avoid re-running this script phase.\necho \"SUCCESS\" > \"${SCRIPT_OUTPUT_FILE_0}\"\n";
			showEnvVarsInLog = 0;
		};
		EFA91FE75505B4BFF1A5A035 /* [CP] Check Pods Manifest.lock */ = {
			isa = PBXShellScriptBuildPhase;
			buildActionMask = 2147483647;
			files = (
			);
			inputFileListPaths = (
			);
			inputPaths = (
				"${PODS_PODFILE_DIR_PATH}/Podfile.lock",
				"${PODS_ROOT}/Manifest.lock",
			);
			name = "[CP] Check Pods Manifest.lock";
			outputFileListPaths = (
			);
			outputPaths = (
				"$(DERIVED_FILE_DIR)/Pods-SakoutcherMqttTesterTests-checkManifestLockResult.txt",
			);
			runOnlyForDeploymentPostprocessing = 0;
			shellPath = /bin/sh;
			shellScript = "diff \"${PODS_PODFILE_DIR_PATH}/Podfile.lock\" \"${PODS_ROOT}/Manifest.lock\" > /dev/null\nif [ $? != 0 ] ; then\n    # print error to STDERR\n    echo \"error: The sandbox is not in sync with the Podfile.lock. Run 'pod install' or update your CocoaPods installation.\" >&2\n    exit 1\nfi\n# This output is used by Xcode 'outputs' to avoid re-running this script phase.\necho \"SUCCESS\" > \"${SCRIPT_OUTPUT_FILE_0}\"\n";
			showEnvVarsInLog = 0;
		};
		F61CFE0655679A92BF40C299 /* [CP] Embed Pods Frameworks */ = {
			isa = PBXShellScriptBuildPhase;
			buildActionMask = 2147483647;
			files = (
			);
			inputFileListPaths = (
				"${PODS_ROOT}/Target Support Files/Pods-SakoutcherMqttTester/Pods-SakoutcherMqttTester-frameworks-${CONFIGURATION}-input-files.xcfilelist",
			);
			name = "[CP] Embed Pods Frameworks";
			outputFileListPaths = (
				"${PODS_ROOT}/Target Support Files/Pods-SakoutcherMqttTester/Pods-SakoutcherMqttTester-frameworks-${CONFIGURATION}-output-files.xcfilelist",
			);
			runOnlyForDeploymentPostprocessing = 0;
			shellPath = /bin/sh;
			shellScript = "\"${PODS_ROOT}/Target Support Files/Pods-SakoutcherMqttTester/Pods-SakoutcherMqttTester-frameworks.sh\"\n";
			showEnvVarsInLog = 0;
		};
/* End PBXShellScriptBuildPhase section */

/* Begin PBXSourcesBuildPhase section */
		1C8FD870268B5D29006571CF /* Sources */ = {
			isa = PBXSourcesBuildPhase;
			buildActionMask = 2147483647;
			files = (
				1C8FD878268B5D29006571CF /* AppDelegate.swift in Sources */,
				1C8FD8B5268B629C006571CF /* GetSonarsViewController.swift in Sources */,
				1C8FD8BC268B657A006571CF /* MqttRequester.swift in Sources */,
				1C8FD8B0268B6276006571CF /* GetPayloadViewController.swift in Sources */,
				1C8FD8B9268B62B2006571CF /* PublishTopicViewController.swift in Sources */,
				1C8FD8A9268B5D6F006571CF /* HomeViewController.swift in Sources */,
			);
			runOnlyForDeploymentPostprocessing = 0;
		};
		1C8FD886268B5D2A006571CF /* Sources */ = {
			isa = PBXSourcesBuildPhase;
			buildActionMask = 2147483647;
			files = (
				1C8FD88F268B5D2A006571CF /* SakoutcherMqttTesterTests.swift in Sources */,
			);
			runOnlyForDeploymentPostprocessing = 0;
		};
		1C8FD891268B5D2A006571CF /* Sources */ = {
			isa = PBXSourcesBuildPhase;
			buildActionMask = 2147483647;
			files = (
				1C8FD89A268B5D2A006571CF /* SakoutcherMqttTesterUITests.swift in Sources */,
			);
			runOnlyForDeploymentPostprocessing = 0;
		};
/* End PBXSourcesBuildPhase section */

/* Begin PBXTargetDependency section */
		1C8FD88C268B5D2A006571CF /* PBXTargetDependency */ = {
			isa = PBXTargetDependency;
			target = 1C8FD873268B5D29006571CF /* SakoutcherMqttTester */;
			targetProxy = 1C8FD88B268B5D2A006571CF /* PBXContainerItemProxy */;
		};
		1C8FD897268B5D2A006571CF /* PBXTargetDependency */ = {
			isa = PBXTargetDependency;
			target = 1C8FD873268B5D29006571CF /* SakoutcherMqttTester */;
			targetProxy = 1C8FD896268B5D2A006571CF /* PBXContainerItemProxy */;
		};
/* End PBXTargetDependency section */

/* Begin PBXVariantGroup section */
		1C8FD882268B5D2A006571CF /* LaunchScreen.storyboard */ = {
			isa = PBXVariantGroup;
			children = (
				1C8FD883268B5D2A006571CF /* Base */,
			);
			name = LaunchScreen.storyboard;
			sourceTree = "<group>";
		};
/* End PBXVariantGroup section */

/* Begin XCBuildConfiguration section */
		1C8FD89C268B5D2A006571CF /* Debug */ = {
			isa = XCBuildConfiguration;
			buildSettings = {
				ALWAYS_SEARCH_USER_PATHS = NO;
				CLANG_ANALYZER_NONNULL = YES;
				CLANG_ANALYZER_NUMBER_OBJECT_CONVERSION = YES_AGGRESSIVE;
				CLANG_CXX_LANGUAGE_STANDARD = "gnu++14";
				CLANG_CXX_LIBRARY = "libc++";
				CLANG_ENABLE_MODULES = YES;
				CLANG_ENABLE_OBJC_ARC = YES;
				CLANG_ENABLE_OBJC_WEAK = YES;
				CLANG_WARN_BLOCK_CAPTURE_AUTORELEASING = YES;
				CLANG_WARN_BOOL_CONVERSION = YES;
				CLANG_WARN_COMMA = YES;
				CLANG_WARN_CONSTANT_CONVERSION = YES;
				CLANG_WARN_DEPRECATED_OBJC_IMPLEMENTATIONS = YES;
				CLANG_WARN_DIRECT_OBJC_ISA_USAGE = YES_ERROR;
				CLANG_WARN_DOCUMENTATION_COMMENTS = YES;
				CLANG_WARN_EMPTY_BODY = YES;
				CLANG_WARN_ENUM_CONVERSION = YES;
				CLANG_WARN_INFINITE_RECURSION = YES;
				CLANG_WARN_INT_CONVERSION = YES;
				CLANG_WARN_NON_LITERAL_NULL_CONVERSION = YES;
				CLANG_WARN_OBJC_IMPLICIT_RETAIN_SELF = YES;
				CLANG_WARN_OBJC_LITERAL_CONVERSION = YES;
				CLANG_WARN_OBJC_ROOT_CLASS = YES_ERROR;
				CLANG_WARN_QUOTED_INCLUDE_IN_FRAMEWORK_HEADER = YES;
				CLANG_WARN_RANGE_LOOP_ANALYSIS = YES;
				CLANG_WARN_STRICT_PROTOTYPES = YES;
				CLANG_WARN_SUSPICIOUS_MOVE = YES;
				CLANG_WARN_UNGUARDED_AVAILABILITY = YES_AGGRESSIVE;
				CLANG_WARN_UNREACHABLE_CODE = YES;
				CLANG_WARN__DUPLICATE_METHOD_MATCH = YES;
				COPY_PHASE_STRIP = NO;
				DEBUG_INFORMATION_FORMAT = dwarf;
				ENABLE_STRICT_OBJC_MSGSEND = YES;
				ENABLE_TESTABILITY = YES;
				GCC_C_LANGUAGE_STANDARD = gnu11;
				GCC_DYNAMIC_NO_PIC = NO;
				GCC_NO_COMMON_BLOCKS = YES;
				GCC_OPTIMIZATION_LEVEL = 0;
				GCC_PREPROCESSOR_DEFINITIONS = (
					"DEBUG=1",
					"$(inherited)",
				);
				GCC_WARN_64_TO_32_BIT_CONVERSION = YES;
				GCC_WARN_ABOUT_RETURN_TYPE = YES_ERROR;
				GCC_WARN_UNDECLARED_SELECTOR = YES;
				GCC_WARN_UNINITIALIZED_AUTOS = YES_AGGRESSIVE;
				GCC_WARN_UNUSED_FUNCTION = YES;
				GCC_WARN_UNUSED_VARIABLE = YES;
				IPHONEOS_DEPLOYMENT_TARGET = 14.5;
				MTL_ENABLE_DEBUG_INFO = INCLUDE_SOURCE;
				MTL_FAST_MATH = YES;
				ONLY_ACTIVE_ARCH = YES;
				SDKROOT = iphoneos;
				SWIFT_ACTIVE_COMPILATION_CONDITIONS = DEBUG;
				SWIFT_OPTIMIZATION_LEVEL = "-Onone";
			};
			name = Debug;
		};
		1C8FD89D268B5D2A006571CF /* Release */ = {
			isa = XCBuildConfiguration;
			buildSettings = {
				ALWAYS_SEARCH_USER_PATHS = NO;
				CLANG_ANALYZER_NONNULL = YES;
				CLANG_ANALYZER_NUMBER_OBJECT_CONVERSION = YES_AGGRESSIVE;
				CLANG_CXX_LANGUAGE_STANDARD = "gnu++14";
				CLANG_CXX_LIBRARY = "libc++";
				CLANG_ENABLE_MODULES = YES;
				CLANG_ENABLE_OBJC_ARC = YES;
				CLANG_ENABLE_OBJC_WEAK = YES;
				CLANG_WARN_BLOCK_CAPTURE_AUTORELEASING = YES;
				CLANG_WARN_BOOL_CONVERSION = YES;
				CLANG_WARN_COMMA = YES;
				CLANG_WARN_CONSTANT_CONVERSION = YES;
				CLANG_WARN_DEPRECATED_OBJC_IMPLEMENTATIONS = YES;
				CLANG_WARN_DIRECT_OBJC_ISA_USAGE = YES_ERROR;
				CLANG_WARN_DOCUMENTATION_COMMENTS = YES;
				CLANG_WARN_EMPTY_BODY = YES;
				CLANG_WARN_ENUM_CONVERSION = YES;
				CLANG_WARN_INFINITE_RECURSION = YES;
				CLANG_WARN_INT_CONVERSION = YES;
				CLANG_WARN_NON_LITERAL_NULL_CONVERSION = YES;
				CLANG_WARN_OBJC_IMPLICIT_RETAIN_SELF = YES;
				CLANG_WARN_OBJC_LITERAL_CONVERSION = YES;
				CLANG_WARN_OBJC_ROOT_CLASS = YES_ERROR;
				CLANG_WARN_QUOTED_INCLUDE_IN_FRAMEWORK_HEADER = YES;
				CLANG_WARN_RANGE_LOOP_ANALYSIS = YES;
				CLANG_WARN_STRICT_PROTOTYPES = YES;
				CLANG_WARN_SUSPICIOUS_MOVE = YES;
				CLANG_WARN_UNGUARDED_AVAILABILITY = YES_AGGRESSIVE;
				CLANG_WARN_UNREACHABLE_CODE = YES;
				CLANG_WARN__DUPLICATE_METHOD_MATCH = YES;
				COPY_PHASE_STRIP = NO;
				DEBUG_INFORMATION_FORMAT = "dwarf-with-dsym";
				ENABLE_NS_ASSERTIONS = NO;
				ENABLE_STRICT_OBJC_MSGSEND = YES;
				GCC_C_LANGUAGE_STANDARD = gnu11;
				GCC_NO_COMMON_BLOCKS = YES;
				GCC_WARN_64_TO_32_BIT_CONVERSION = YES;
				GCC_WARN_ABOUT_RETURN_TYPE = YES_ERROR;
				GCC_WARN_UNDECLARED_SELECTOR = YES;
				GCC_WARN_UNINITIALIZED_AUTOS = YES_AGGRESSIVE;
				GCC_WARN_UNUSED_FUNCTION = YES;
				GCC_WARN_UNUSED_VARIABLE = YES;
				IPHONEOS_DEPLOYMENT_TARGET = 14.5;
				MTL_ENABLE_DEBUG_INFO = NO;
				MTL_FAST_MATH = YES;
				SDKROOT = iphoneos;
				SWIFT_COMPILATION_MODE = wholemodule;
				SWIFT_OPTIMIZATION_LEVEL = "-O";
				VALIDATE_PRODUCT = YES;
			};
			name = Release;
		};
		1C8FD89F268B5D2A006571CF /* Debug */ = {
			isa = XCBuildConfiguration;
			baseConfigurationReference = C216686A6DB7B20F1D341F89 /* Pods-SakoutcherMqttTester.debug.xcconfig */;
			buildSettings = {
				ASSETCATALOG_COMPILER_APPICON_NAME = AppIcon;
				ASSETCATALOG_COMPILER_GLOBAL_ACCENT_COLOR_NAME = AccentColor;
				CODE_SIGN_STYLE = Automatic;
				INFOPLIST_FILE = SakoutcherMqttTester/Info.plist;
				LD_RUNPATH_SEARCH_PATHS = (
					"$(inherited)",
					"@executable_path/Frameworks",
				);
				PRODUCT_BUNDLE_IDENTIFIER = com.esgi.SakoutcherMqttTester;
				PRODUCT_NAME = "$(TARGET_NAME)";
				SWIFT_VERSION = 5.0;
				TARGETED_DEVICE_FAMILY = "1,2";
			};
			name = Debug;
		};
		1C8FD8A0268B5D2A006571CF /* Release */ = {
			isa = XCBuildConfiguration;
			baseConfigurationReference = 26D5F343DBBDC33284A29F40 /* Pods-SakoutcherMqttTester.release.xcconfig */;
			buildSettings = {
				ASSETCATALOG_COMPILER_APPICON_NAME = AppIcon;
				ASSETCATALOG_COMPILER_GLOBAL_ACCENT_COLOR_NAME = AccentColor;
				CODE_SIGN_STYLE = Automatic;
				INFOPLIST_FILE = SakoutcherMqttTester/Info.plist;
				LD_RUNPATH_SEARCH_PATHS = (
					"$(inherited)",
					"@executable_path/Frameworks",
				);
				PRODUCT_BUNDLE_IDENTIFIER = com.esgi.SakoutcherMqttTester;
				PRODUCT_NAME = "$(TARGET_NAME)";
				SWIFT_VERSION = 5.0;
				TARGETED_DEVICE_FAMILY = "1,2";
			};
			name = Release;
		};
		1C8FD8A2268B5D2A006571CF /* Debug */ = {
			isa = XCBuildConfiguration;
			baseConfigurationReference = AB715D8A61BC67D217C0BAE8 /* Pods-SakoutcherMqttTesterTests.debug.xcconfig */;
			buildSettings = {
				ALWAYS_EMBED_SWIFT_STANDARD_LIBRARIES = YES;
				BUNDLE_LOADER = "$(TEST_HOST)";
				CODE_SIGN_STYLE = Automatic;
				INFOPLIST_FILE = SakoutcherMqttTesterTests/Info.plist;
				IPHONEOS_DEPLOYMENT_TARGET = 14.5;
				LD_RUNPATH_SEARCH_PATHS = (
					"$(inherited)",
					"@executable_path/Frameworks",
					"@loader_path/Frameworks",
				);
				PRODUCT_BUNDLE_IDENTIFIER = com.esgi.SakoutcherMqttTesterTests;
				PRODUCT_NAME = "$(TARGET_NAME)";
				SWIFT_VERSION = 5.0;
				TARGETED_DEVICE_FAMILY = "1,2";
				TEST_HOST = "$(BUILT_PRODUCTS_DIR)/SakoutcherMqttTester.app/SakoutcherMqttTester";
			};
			name = Debug;
		};
		1C8FD8A3268B5D2A006571CF /* Release */ = {
			isa = XCBuildConfiguration;
			baseConfigurationReference = 4F42867FBECCFA80B0B5502A /* Pods-SakoutcherMqttTesterTests.release.xcconfig */;
			buildSettings = {
				ALWAYS_EMBED_SWIFT_STANDARD_LIBRARIES = YES;
				BUNDLE_LOADER = "$(TEST_HOST)";
				CODE_SIGN_STYLE = Automatic;
				INFOPLIST_FILE = SakoutcherMqttTesterTests/Info.plist;
				IPHONEOS_DEPLOYMENT_TARGET = 14.5;
				LD_RUNPATH_SEARCH_PATHS = (
					"$(inherited)",
					"@executable_path/Frameworks",
					"@loader_path/Frameworks",
				);
				PRODUCT_BUNDLE_IDENTIFIER = com.esgi.SakoutcherMqttTesterTests;
				PRODUCT_NAME = "$(TARGET_NAME)";
				SWIFT_VERSION = 5.0;
				TARGETED_DEVICE_FAMILY = "1,2";
				TEST_HOST = "$(BUILT_PRODUCTS_DIR)/SakoutcherMqttTester.app/SakoutcherMqttTester";
			};
			name = Release;
		};
		1C8FD8A5268B5D2A006571CF /* Debug */ = {
			isa = XCBuildConfiguration;
			baseConfigurationReference = 0EA52C4390BDB761A6F55D5B /* Pods-SakoutcherMqttTester-SakoutcherMqttTesterUITests.debug.xcconfig */;
			buildSettings = {
				ALWAYS_EMBED_SWIFT_STANDARD_LIBRARIES = YES;
				CODE_SIGN_STYLE = Automatic;
				INFOPLIST_FILE = SakoutcherMqttTesterUITests/Info.plist;
				LD_RUNPATH_SEARCH_PATHS = (
					"$(inherited)",
					"@executable_path/Frameworks",
					"@loader_path/Frameworks",
				);
				PRODUCT_BUNDLE_IDENTIFIER = com.esgi.SakoutcherMqttTesterUITests;
				PRODUCT_NAME = "$(TARGET_NAME)";
				SWIFT_VERSION = 5.0;
				TARGETED_DEVICE_FAMILY = "1,2";
				TEST_TARGET_NAME = SakoutcherMqttTester;
			};
			name = Debug;
		};
		1C8FD8A6268B5D2A006571CF /* Release */ = {
			isa = XCBuildConfiguration;
			baseConfigurationReference = 5C71F6D02B1772E38FCD8E76 /* Pods-SakoutcherMqttTester-SakoutcherMqttTesterUITests.release.xcconfig */;
			buildSettings = {
				ALWAYS_EMBED_SWIFT_STANDARD_LIBRARIES = YES;
				CODE_SIGN_STYLE = Automatic;
				INFOPLIST_FILE = SakoutcherMqttTesterUITests/Info.plist;
				LD_RUNPATH_SEARCH_PATHS = (
					"$(inherited)",
					"@executable_path/Frameworks",
					"@loader_path/Frameworks",
				);
				PRODUCT_BUNDLE_IDENTIFIER = com.esgi.SakoutcherMqttTesterUITests;
				PRODUCT_NAME = "$(TARGET_NAME)";
				SWIFT_VERSION = 5.0;
				TARGETED_DEVICE_FAMILY = "1,2";
				TEST_TARGET_NAME = SakoutcherMqttTester;
			};
			name = Release;
		};
/* End XCBuildConfiguration section */

/* Begin XCConfigurationList section */
		1C8FD86F268B5D29006571CF /* Build configuration list for PBXProject "SakoutcherMqttTester" */ = {
			isa = XCConfigurationList;
			buildConfigurations = (
				1C8FD89C268B5D2A006571CF /* Debug */,
				1C8FD89D268B5D2A006571CF /* Release */,
			);
			defaultConfigurationIsVisible = 0;
			defaultConfigurationName = Release;
		};
		1C8FD89E268B5D2A006571CF /* Build configuration list for PBXNativeTarget "SakoutcherMqttTester" */ = {
			isa = XCConfigurationList;
			buildConfigurations = (
				1C8FD89F268B5D2A006571CF /* Debug */,
				1C8FD8A0268B5D2A006571CF /* Release */,
			);
			defaultConfigurationIsVisible = 0;
			defaultConfigurationName = Release;
		};
		1C8FD8A1268B5D2A006571CF /* Build configuration list for PBXNativeTarget "SakoutcherMqttTesterTests" */ = {
			isa = XCConfigurationList;
			buildConfigurations = (
				1C8FD8A2268B5D2A006571CF /* Debug */,
				1C8FD8A3268B5D2A006571CF /* Release */,
			);
			defaultConfigurationIsVisible = 0;
			defaultConfigurationName = Release;
		};
		1C8FD8A4268B5D2A006571CF /* Build configuration list for PBXNativeTarget "SakoutcherMqttTesterUITests" */ = {
			isa = XCConfigurationList;
			buildConfigurations = (
				1C8FD8A5268B5D2A006571CF /* Debug */,
				1C8FD8A6268B5D2A006571CF /* Release */,
			);
			defaultConfigurationIsVisible = 0;
			defaultConfigurationName = Release;
		};
/* End XCConfigurationList section */
	};
	rootObject = 1C8FD86C268B5D29006571CF /* Project object */;
}
